// !$*UTF8*$!
{
	archiveVersion = 1;
	classes = {
	};
	objectVersion = 56;
	objects = {

/* Begin PBXBuildFile section */
		EC5DB5AE2AB34D6500DB213A /* AppDelegate.swift in Sources */ = {isa = PBXBuildFile; fileRef = EC5DB5AD2AB34D6500DB213A /* AppDelegate.swift */; };
		EC5DB5B02AB34D6500DB213A /* SceneDelegate.swift in Sources */ = {isa = PBXBuildFile; fileRef = EC5DB5AF2AB34D6500DB213A /* SceneDelegate.swift */; };
		EC5DB5B22AB34D6500DB213A /* ViewController.swift in Sources */ = {isa = PBXBuildFile; fileRef = EC5DB5B12AB34D6500DB213A /* ViewController.swift */; };
		EC5DB5B52AB34D6500DB213A /* Main.storyboard in Resources */ = {isa = PBXBuildFile; fileRef = EC5DB5B32AB34D6500DB213A /* Main.storyboard */; };
		EC5DB5B72AB34D6600DB213A /* Assets.xcassets in Resources */ = {isa = PBXBuildFile; fileRef = EC5DB5B62AB34D6600DB213A /* Assets.xcassets */; };
		EC5DB5BA2AB34D6600DB213A /* LaunchScreen.storyboard in Resources */ = {isa = PBXBuildFile; fileRef = EC5DB5B82AB34D6600DB213A /* LaunchScreen.storyboard */; };
		EC5DB5C22AB391FC00DB213A /* QuestaoViewController.swift in Sources */ = {isa = PBXBuildFile; fileRef = EC5DB5C12AB391FC00DB213A /* QuestaoViewController.swift */; };
		EC5DB5C42AB4EAF100DB213A /* Questao.swift in Sources */ = {isa = PBXBuildFile; fileRef = EC5DB5C32AB4EAF100DB213A /* Questao.swift */; };
		EC5DB5C82AB9EF3800DB213A /* ResultadoViewController.swift in Sources */ = {isa = PBXBuildFile; fileRef = EC5DB5C72AB9EF3800DB213A /* ResultadoViewController.swift */; };
/* End PBXBuildFile section */

/* Begin PBXFileReference section */
		EC5DB5AA2AB34D6500DB213A /* iQuiz.app */ = {isa = PBXFileReference; explicitFileType = wrapper.application; includeInIndex = 0; path = iQuiz.app; sourceTree = BUILT_PRODUCTS_DIR; };
		EC5DB5AD2AB34D6500DB213A /* AppDelegate.swift */ = {isa = PBXFileReference; lastKnownFileType = sourcecode.swift; path = AppDelegate.swift; sourceTree = "<group>"; };
		EC5DB5AF2AB34D6500DB213A /* SceneDelegate.swift */ = {isa = PBXFileReference; lastKnownFileType = sourcecode.swift; path = SceneDelegate.swift; sourceTree = "<group>"; };
		EC5DB5B12AB34D6500DB213A /* ViewController.swift */ = {isa = PBXFileReference; lastKnownFileType = sourcecode.swift; path = ViewController.swift; sourceTree = "<group>"; };
		EC5DB5B42AB34D6500DB213A /* Base */ = {isa = PBXFileReference; lastKnownFileType = file.storyboard; name = Base; path = Base.lproj/Main.storyboard; sourceTree = "<group>"; };
		EC5DB5B62AB34D6600DB213A /* Assets.xcassets */ = {isa = PBXFileReference; lastKnownFileType = folder.assetcatalog; path = Assets.xcassets; sourceTree = "<group>"; };
		EC5DB5B92AB34D6600DB213A /* Base */ = {isa = PBXFileReference; lastKnownFileType = file.storyboard; name = Base; path = Base.lproj/LaunchScreen.storyboard; sourceTree = "<group>"; };
		EC5DB5BB2AB34D6600DB213A /* Info.plist */ = {isa = PBXFileReference; lastKnownFileType = text.plist.xml; path = Info.plist; sourceTree = "<group>"; };
		EC5DB5C12AB391FC00DB213A /* QuestaoViewController.swift */ = {isa = PBXFileReference; lastKnownFileType = sourcecode.swift; path = QuestaoViewController.swift; sourceTree = "<group>"; };
		EC5DB5C32AB4EAF100DB213A /* Questao.swift */ = {isa = PBXFileReference; lastKnownFileType = sourcecode.swift; path = Questao.swift; sourceTree = "<group>"; };
		EC5DB5C72AB9EF3800DB213A /* ResultadoViewController.swift */ = {isa = PBXFileReference; lastKnownFileType = sourcecode.swift; path = ResultadoViewController.swift; sourceTree = "<group>"; };
		EC5DB5CB2ABB402300DB213A /* ReadMe.md */ = {isa = PBXFileReference; lastKnownFileType = net.daringfireball.markdown; path = ReadMe.md; sourceTree = "<group>"; };
/* End PBXFileReference section */

/* Begin PBXFrameworksBuildPhase section */
		EC5DB5A72AB34D6500DB213A /* Frameworks */ = {
			isa = PBXFrameworksBuildPhase;
			buildActionMask = 2147483647;
			files = (
			);
			runOnlyForDeploymentPostprocessing = 0;
		};
/* End PBXFrameworksBuildPhase section */

/* Begin PBXGroup section */
		EC5DB5A12AB34D6500DB213A = {
			isa = PBXGroup;
			children = (
				EC5DB5AC2AB34D6500DB213A /* iQuiz */,
				EC5DB5AB2AB34D6500DB213A /* Products */,
			);
			sourceTree = "<group>";
		};
		EC5DB5AB2AB34D6500DB213A /* Products */ = {
			isa = PBXGroup;
			children = (
				EC5DB5AA2AB34D6500DB213A /* iQuiz.app */,
			);
			name = Products;
			sourceTree = "<group>";
		};
		EC5DB5AC2AB34D6500DB213A /* iQuiz */ = {
			isa = PBXGroup;
			children = (
				EC5DB5CA2ABB399400DB213A /* Model */,
				EC5DB5C92ABB396200DB213A /* ViewController  */,
				EC5DB5AD2AB34D6500DB213A /* AppDelegate.swift */,
				EC5DB5AF2AB34D6500DB213A /* SceneDelegate.swift */,
				EC5DB5B32AB34D6500DB213A /* Main.storyboard */,
				EC5DB5B62AB34D6600DB213A /* Assets.xcassets */,
				EC5DB5B82AB34D6600DB213A /* LaunchScreen.storyboard */,
				EC5DB5BB2AB34D6600DB213A /* Info.plist */,
				EC5DB5CB2ABB402300DB213A /* ReadMe.md */,
			);
			path = iQuiz;
			sourceTree = "<group>";
		};
		EC5DB5C92ABB396200DB213A /* ViewController  */ = {
			isa = PBXGroup;
			children = (
				EC5DB5B12AB34D6500DB213A /* ViewController.swift */,
				EC5DB5C72AB9EF3800DB213A /* ResultadoViewController.swift */,
				EC5DB5C12AB391FC00DB213A /* QuestaoViewController.swift */,
			);
			path = "ViewController ";
			sourceTree = "<group>";
		};
		EC5DB5CA2ABB399400DB213A /* Model */ = {
			isa = PBXGroup;
			children = (
				EC5DB5C32AB4EAF100DB213A /* Questao.swift */,
			);
			path = Model;
			sourceTree = "<group>";
		};
/* End PBXGroup section */

/* Begin PBXNativeTarget section */
		EC5DB5A92AB34D6500DB213A /* iQuiz */ = {
			isa = PBXNativeTarget;
			buildConfigurationList = EC5DB5BE2AB34D6600DB213A /* Build configuration list for PBXNativeTarget "iQuiz" */;
			buildPhases = (
				EC5DB5A62AB34D6500DB213A /* Sources */,
				EC5DB5A72AB34D6500DB213A /* Frameworks */,
				EC5DB5A82AB34D6500DB213A /* Resources */,
			);
			buildRules = (
			);
			dependencies = (
			);
			name = iQuiz;
			productName = iQuiz;
			productReference = EC5DB5AA2AB34D6500DB213A /* iQuiz.app */;
			productType = "com.apple.product-type.application";
		};
/* End PBXNativeTarget section */

/* Begin PBXProject section */
		EC5DB5A22AB34D6500DB213A /* Project object */ = {
			isa = PBXProject;
			attributes = {
				BuildIndependentTargetsInParallel = 1;
				LastSwiftUpdateCheck = 1420;
				LastUpgradeCheck = 1420;
				TargetAttributes = {
					EC5DB5A92AB34D6500DB213A = {
						CreatedOnToolsVersion = 14.2;
					};
				};
			};
			buildConfigurationList = EC5DB5A52AB34D6500DB213A /* Build configuration list for PBXProject "iQuiz" */;
			compatibilityVersion = "Xcode 14.0";
			developmentRegion = en;
			hasScannedForEncodings = 0;
			knownRegions = (
				en,
				Base,
			);
			mainGroup = EC5DB5A12AB34D6500DB213A;
			productRefGroup = EC5DB5AB2AB34D6500DB213A /* Products */;
			projectDirPath = "";
			projectRoot = "";
			targets = (
				EC5DB5A92AB34D6500DB213A /* iQuiz */,
			);
		};
/* End PBXProject section */

/* Begin PBXResourcesBuildPhase section */
		EC5DB5A82AB34D6500DB213A /* Resources */ = {
			isa = PBXResourcesBuildPhase;
			buildActionMask = 2147483647;
			files = (
				EC5DB5BA2AB34D6600DB213A /* LaunchScreen.storyboard in Resources */,
				EC5DB5B72AB34D6600DB213A /* Assets.xcassets in Resources */,
				EC5DB5B52AB34D6500DB213A /* Main.storyboard in Resources */,
			);
			runOnlyForDeploymentPostprocessing = 0;
		};
/* End PBXResourcesBuildPhase section */

/* Begin PBXSourcesBuildPhase section */
		EC5DB5A62AB34D6500DB213A /* Sources */ = {
			isa = PBXSourcesBuildPhase;
			buildActionMask = 2147483647;
			files = (
				EC5DB5C82AB9EF3800DB213A /* ResultadoViewController.swift in Sources */,
				EC5DB5B22AB34D6500DB213A /* ViewController.swift in Sources */,
				EC5DB5AE2AB34D6500DB213A /* AppDelegate.swift in Sources */,
				EC5DB5B02AB34D6500DB213A /* SceneDelegate.swift in Sources */,
				EC5DB5C42AB4EAF100DB213A /* Questao.swift in Sources */,
				EC5DB5C22AB391FC00DB213A /* QuestaoViewController.swift in Sources */,
			);
			runOnlyForDeploymentPostprocessing = 0;
		};
/* End PBXSourcesBuildPhase section */

/* Begin PBXVariantGroup section */
		EC5DB5B32AB34D6500DB213A /* Main.storyboard */ = {
			isa = PBXVariantGroup;
			children = (
				EC5DB5B42AB34D6500DB213A /* Base */,
			);
			name = Main.storyboard;
			sourceTree = "<group>";
		};
		EC5DB5B82AB34D6600DB213A /* LaunchScreen.storyboard */ = {
			isa = PBXVariantGroup;
			children = (
				EC5DB5B92AB34D6600DB213A /* Base */,
			);
			name = LaunchScreen.storyboard;
			sourceTree = "<group>";
		};
/* End PBXVariantGroup section */

/* Begin XCBuildConfiguration section */
		EC5DB5BC2AB34D6600DB213A /* Debug */ = {
			isa = XCBuildConfiguration;
			buildSettings = {
				ALWAYS_SEARCH_USER_PATHS = NO;
				CLANG_ANALYZER_NONNULL = YES;
				CLANG_ANALYZER_NUMBER_OBJECT_CONVERSION = YES_AGGRESSIVE;
				CLANG_CXX_LANGUAGE_STANDARD = "gnu++20";
				CLANG_ENABLE_MODULES = YES;
				CLANG_ENABLE_OBJC_ARC = YES;
				CLANG_ENABLE_OBJC_WEAK = YES;
				CLANG_WARN_BLOCK_CAPTURE_AUTORELEASING = YES;
				CLANG_WARN_BOOL_CONVERSION = YES;
				CLANG_WARN_COMMA = YES;
				CLANG_WARN_CONSTANT_CONVERSION = YES;
				CLANG_WARN_DEPRECATED_OBJC_IMPLEMENTATIONS = YES;
				CLANG_WARN_DIRECT_OBJC_ISA_USAGE = YES_ERROR;
				CLANG_WARN_DOCUMENTATION_COMMENTS = YES;
				CLANG_WARN_EMPTY_BODY = YES;
				CLANG_WARN_ENUM_CONVERSION = YES;
				CLANG_WARN_INFINITE_RECURSION = YES;
				CLANG_WARN_INT_CONVERSION = YES;
				CLANG_WARN_NON_LITERAL_NULL_CONVERSION = YES;
				CLANG_WARN_OBJC_IMPLICIT_RETAIN_SELF = YES;
				CLANG_WARN_OBJC_LITERAL_CONVERSION = YES;
				CLANG_WARN_OBJC_ROOT_CLASS = YES_ERROR;
				CLANG_WARN_QUOTED_INCLUDE_IN_FRAMEWORK_HEADER = YES;
				CLANG_WARN_RANGE_LOOP_ANALYSIS = YES;
				CLANG_WARN_STRICT_PROTOTYPES = YES;
				CLANG_WARN_SUSPICIOUS_MOVE = YES;
				CLANG_WARN_UNGUARDED_AVAILABILITY = YES_AGGRESSIVE;
				CLANG_WARN_UNREACHABLE_CODE = YES;
				CLANG_WARN__DUPLICATE_METHOD_MATCH = YES;
				COPY_PHASE_STRIP = NO;
				DEBUG_INFORMATION_FORMAT = dwarf;
				ENABLE_STRICT_OBJC_MSGSEND = YES;
				ENABLE_TESTABILITY = YES;
				GCC_C_LANGUAGE_STANDARD = gnu11;
				GCC_DYNAMIC_NO_PIC = NO;
				GCC_NO_COMMON_BLOCKS = YES;
				GCC_OPTIMIZATION_LEVEL = 0;
				GCC_PREPROCESSOR_DEFINITIONS = (
					"DEBUG=1",
					"$(inherited)",
				);
				GCC_WARN_64_TO_32_BIT_CONVERSION = YES;
				GCC_WARN_ABOUT_RETURN_TYPE = YES_ERROR;
				GCC_WARN_UNDECLARED_SELECTOR = YES;
				GCC_WARN_UNINITIALIZED_AUTOS = YES_AGGRESSIVE;
				GCC_WARN_UNUSED_FUNCTION = YES;
				GCC_WARN_UNUSED_VARIABLE = YES;
				IPHONEOS_DEPLOYMENT_TARGET = 16.2;
				MTL_ENABLE_DEBUG_INFO = INCLUDE_SOURCE;
				MTL_FAST_MATH = YES;
				ONLY_ACTIVE_ARCH = YES;
				SDKROOT = iphoneos;
				SWIFT_ACTIVE_COMPILATION_CONDITIONS = DEBUG;
				SWIFT_OPTIMIZATION_LEVEL = "-Onone";
			};
			name = Debug;
		};
		EC5DB5BD2AB34D6600DB213A /* Release */ = {
			isa = XCBuildConfiguration;
			buildSettings = {
				ALWAYS_SEARCH_USER_PATHS = NO;
				CLANG_ANALYZER_NONNULL = YES;
				CLANG_ANALYZER_NUMBER_OBJECT_CONVERSION = YES_AGGRESSIVE;
				CLANG_CXX_LANGUAGE_STANDARD = "gnu++20";
				CLANG_ENABLE_MODULES = YES;
				CLANG_ENABLE_OBJC_ARC = YES;
				CLANG_ENABLE_OBJC_WEAK = YES;
				CLANG_WARN_BLOCK_CAPTURE_AUTORELEASING = YES;
				CLANG_WARN_BOOL_CONVERSION = YES;
				CLANG_WARN_COMMA = YES;
				CLANG_WARN_CONSTANT_CONVERSION = YES;
				CLANG_WARN_DEPRECATED_OBJC_IMPLEMENTATIONS = YES;
				CLANG_WARN_DIRECT_OBJC_ISA_USAGE = YES_ERROR;
				CLANG_WARN_DOCUMENTATION_COMMENTS = YES;
				CLANG_WARN_EMPTY_BODY = YES;
				CLANG_WARN_ENUM_CONVERSION = YES;
				CLANG_WARN_INFINITE_RECURSION = YES;
				CLANG_WARN_INT_CONVERSION = YES;
				CLANG_WARN_NON_LITERAL_NULL_CONVERSION = YES;
				CLANG_WARN_OBJC_IMPLICIT_RETAIN_SELF = YES;
				CLANG_WARN_OBJC_LITERAL_CONVERSION = YES;
				CLANG_WARN_OBJC_ROOT_CLASS = YES_ERROR;
				CLANG_WARN_QUOTED_INCLUDE_IN_FRAMEWORK_HEADER = YES;
				CLANG_WARN_RANGE_LOOP_ANALYSIS = YES;
				CLANG_WARN_STRICT_PROTOTYPES = YES;
				CLANG_WARN_SUSPICIOUS_MOVE = YES;
				CLANG_WARN_UNGUARDED_AVAILABILITY = YES_AGGRESSIVE;
				CLANG_WARN_UNREACHABLE_CODE = YES;
				CLANG_WARN__DUPLICATE_METHOD_MATCH = YES;
				COPY_PHASE_STRIP = NO;
				DEBUG_INFORMATION_FORMAT = "dwarf-with-dsym";
				ENABLE_NS_ASSERTIONS = NO;
				ENABLE_STRICT_OBJC_MSGSEND = YES;
				GCC_C_LANGUAGE_STANDARD = gnu11;
				GCC_NO_COMMON_BLOCKS = YES;
				GCC_WARN_64_TO_32_BIT_CONVERSION = YES;
				GCC_WARN_ABOUT_RETURN_TYPE = YES_ERROR;
				GCC_WARN_UNDECLARED_SELECTOR = YES;
				GCC_WARN_UNINITIALIZED_AUTOS = YES_AGGRESSIVE;
				GCC_WARN_UNUSED_FUNCTION = YES;
				GCC_WARN_UNUSED_VARIABLE = YES;
				IPHONEOS_DEPLOYMENT_TARGET = 16.2;
				MTL_ENABLE_DEBUG_INFO = NO;
				MTL_FAST_MATH = YES;
				SDKROOT = iphoneos;
				SWIFT_COMPILATION_MODE = wholemodule;
				SWIFT_OPTIMIZATION_LEVEL = "-O";
				VALIDATE_PRODUCT = YES;
			};
			name = Release;
		};
		EC5DB5BF2AB34D6600DB213A /* Debug */ = {
			isa = XCBuildConfiguration;
			buildSettings = {
				ASSETCATALOG_COMPILER_APPICON_NAME = AppIcon;
				ASSETCATALOG_COMPILER_GLOBAL_ACCENT_COLOR_NAME = AccentColor;
				CODE_SIGN_STYLE = Automatic;
				CURRENT_PROJECT_VERSION = 1;
				GENERATE_INFOPLIST_FILE = YES;
				INFOPLIST_FILE = iQuiz/Info.plist;
				INFOPLIST_KEY_UIApplicationSupportsIndirectInputEvents = YES;
				INFOPLIST_KEY_UILaunchStoryboardName = LaunchScreen;
				INFOPLIST_KEY_UIMainStoryboardFile = Main;
				INFOPLIST_KEY_UISupportedInterfaceOrientations = UIInterfaceOrientationPortrait;
				INFOPLIST_KEY_UISupportedInterfaceOrientations_iPad = "UIInterfaceOrientationLandscapeLeft UIInterfaceOrientationLandscapeRight UIInterfaceOrientationPortrait UIInterfaceOrientationPortraitUpsideDown";
				IPHONEOS_DEPLOYMENT_TARGET = 16.0;
				LD_RUNPATH_SEARCH_PATHS = (
					"$(inherited)",
					"@executable_path/Frameworks",
				);
				MARKETING_VERSION = 1.0;
				PRODUCT_BUNDLE_IDENTIFIER = com.ggfarias.iQuiz;
				PRODUCT_NAME = "$(TARGET_NAME)";
				SWIFT_EMIT_LOC_STRINGS = YES;
				SWIFT_VERSION = 5.0;
				TARGETED_DEVICE_FAMILY = "1,2";
			};
			name = Debug;
		};
		EC5DB5C02AB34D6600DB213A /* Release */ = {
			isa = XCBuildConfiguration;
			buildSettings = {
				ASSETCATALOG_COMPILER_APPICON_NAME = AppIcon;
				ASSETCATALOG_COMPILER_GLOBAL_ACCENT_COLOR_NAME = AccentColor;
				CODE_SIGN_STYLE = Automatic;
				CURRENT_PROJECT_VERSION = 1;
				GENERATE_INFOPLIST_FILE = YES;
				INFOPLIST_FILE = iQuiz/Info.plist;
				INFOPLIST_KEY_UIApplicationSupportsIndirectInputEvents = YES;
				INFOPLIST_KEY_UILaunchStoryboardName = LaunchScreen;
				INFOPLIST_KEY_UIMainStoryboardFile = Main;
				INFOPLIST_KEY_UISupportedInterfaceOrientations = UIInterfaceOrientationPortrait;
				INFOPLIST_KEY_UISupportedInterfaceOrientations_iPad = "UIInterfaceOrientationLandscapeLeft UIInterfaceOrientationLandscapeRight UIInterfaceOrientationPortrait UIInterfaceOrientationPortraitUpsideDown";
				IPHONEOS_DEPLOYMENT_TARGET = 16.0;
				LD_RUNPATH_SEARCH_PATHS = (
					"$(inherited)",
					"@executable_path/Frameworks",
				);
				MARKETING_VERSION = 1.0;
				PRODUCT_BUNDLE_IDENTIFIER = com.ggfarias.iQuiz;
				PRODUCT_NAME = "$(TARGET_NAME)";
				SWIFT_EMIT_LOC_STRINGS = YES;
				SWIFT_VERSION = 5.0;
				TARGETED_DEVICE_FAMILY = "1,2";
			};
			name = Release;
		};
/* End XCBuildConfiguration section */

/* Begin XCConfigurationList section */
		EC5DB5A52AB34D6500DB213A /* Build configuration list for PBXProject "iQuiz" */ = {
			isa = XCConfigurationList;
			buildConfigurations = (
				EC5DB5BC2AB34D6600DB213A /* Debug */,
				EC5DB5BD2AB34D6600DB213A /* Release */,
			);
			defaultConfigurationIsVisible = 0;
			defaultConfigurationName = Release;
		};
		EC5DB5BE2AB34D6600DB213A /* Build configuration list for PBXNativeTarget "iQuiz" */ = {
			isa = XCConfigurationList;
			buildConfigurations = (
				EC5DB5BF2AB34D6600DB213A /* Debug */,
				EC5DB5C02AB34D6600DB213A /* Release */,
			);
			defaultConfigurationIsVisible = 0;
			defaultConfigurationName = Release;
		};
/* End XCConfigurationList section */
	};
	rootObject = EC5DB5A22AB34D6500DB213A /* Project object */;
}
